// !$*UTF8*$!
{
	archiveVersion = 1;
	classes = {
	};
	objectVersion = 55;
	objects = {

/* Begin PBXBuildFile section */
		BE1B48FE2817A59100C3CC03 /* OrderInfoViewController.swift in Sources */ = {isa = PBXBuildFile; fileRef = BE1B48FD2817A59100C3CC03 /* OrderInfoViewController.swift */; };
		BE1CF48B28125AEC0080FE3F /* SearchViewController.swift in Sources */ = {isa = PBXBuildFile; fileRef = BE1CF48A28125AEC0080FE3F /* SearchViewController.swift */; };
		BE5353212817B5690001AC7C /* BasketOrderInfoViewController.swift in Sources */ = {isa = PBXBuildFile; fileRef = BE5353202817B5690001AC7C /* BasketOrderInfoViewController.swift */; };
		BE5353272817BDFD0001AC7C /* RibbonOrderViewController.swift in Sources */ = {isa = PBXBuildFile; fileRef = BE5353262817BDFD0001AC7C /* RibbonOrderViewController.swift */; };
		BE6CD5092818E7DF001D3651 /* QuestionViewController.swift in Sources */ = {isa = PBXBuildFile; fileRef = BE6CD5082818E7DF001D3651 /* QuestionViewController.swift */; };
		BE6CD50B2818F53C001D3651 /* ListViewController.swift in Sources */ = {isa = PBXBuildFile; fileRef = BE6CD50A2818F53C001D3651 /* ListViewController.swift */; };
		BE6CD50D28190BA8001D3651 /* RegistViewController.swift in Sources */ = {isa = PBXBuildFile; fileRef = BE6CD50C28190BA8001D3651 /* RegistViewController.swift */; };
		BEC6D57E2811148C00806712 /* AppDelegate.swift in Sources */ = {isa = PBXBuildFile; fileRef = BEC6D57D2811148C00806712 /* AppDelegate.swift */; };
		BEC6D5802811148C00806712 /* SceneDelegate.swift in Sources */ = {isa = PBXBuildFile; fileRef = BEC6D57F2811148C00806712 /* SceneDelegate.swift */; };
		BEC6D5852811148C00806712 /* Main.storyboard in Resources */ = {isa = PBXBuildFile; fileRef = BEC6D5832811148C00806712 /* Main.storyboard */; };
		BEC6D5872811148D00806712 /* Assets.xcassets in Resources */ = {isa = PBXBuildFile; fileRef = BEC6D5862811148D00806712 /* Assets.xcassets */; };
		BEC6D58A2811148D00806712 /* LaunchScreen.storyboard in Resources */ = {isa = PBXBuildFile; fileRef = BEC6D5882811148D00806712 /* LaunchScreen.storyboard */; };
		BEC6D5922811265D00806712 /* RegisterViewController.swift in Sources */ = {isa = PBXBuildFile; fileRef = BEC6D5912811265D00806712 /* RegisterViewController.swift */; };
		BECD7791281B63BC000DF643 /* CondolencesReceivedViewController.swift in Sources */ = {isa = PBXBuildFile; fileRef = BECD7790281B63BC000DF643 /* CondolencesReceivedViewController.swift */; };
		BEDCCF0228167B990064C7F4 /* LicenseInfoViewController.swift in Sources */ = {isa = PBXBuildFile; fileRef = BEDCCF0128167B990064C7F4 /* LicenseInfoViewController.swift */; };
		BEEEBB8B2813D49F003A8F06 /* DeliveryInfoViewController.swift in Sources */ = {isa = PBXBuildFile; fileRef = BEEEBB8A2813D49F003A8F06 /* DeliveryInfoViewController.swift */; };
/* End PBXBuildFile section */

/* Begin PBXFileReference section */
		BE1B48FD2817A59100C3CC03 /* OrderInfoViewController.swift */ = {isa = PBXFileReference; lastKnownFileType = sourcecode.swift; path = OrderInfoViewController.swift; sourceTree = "<group>"; };
		BE1CF48A28125AEC0080FE3F /* SearchViewController.swift */ = {isa = PBXFileReference; lastKnownFileType = sourcecode.swift; path = SearchViewController.swift; sourceTree = "<group>"; };
		BE5353202817B5690001AC7C /* BasketOrderInfoViewController.swift */ = {isa = PBXFileReference; lastKnownFileType = sourcecode.swift; path = BasketOrderInfoViewController.swift; sourceTree = "<group>"; };
		BE5353262817BDFD0001AC7C /* RibbonOrderViewController.swift */ = {isa = PBXFileReference; lastKnownFileType = sourcecode.swift; path = RibbonOrderViewController.swift; sourceTree = "<group>"; };
		BE6CD5082818E7DF001D3651 /* QuestionViewController.swift */ = {isa = PBXFileReference; lastKnownFileType = sourcecode.swift; path = QuestionViewController.swift; sourceTree = "<group>"; };
		BE6CD50A2818F53C001D3651 /* ListViewController.swift */ = {isa = PBXFileReference; lastKnownFileType = sourcecode.swift; path = ListViewController.swift; sourceTree = "<group>"; };
		BE6CD50C28190BA8001D3651 /* RegistViewController.swift */ = {isa = PBXFileReference; lastKnownFileType = sourcecode.swift; path = RegistViewController.swift; sourceTree = "<group>"; };
		BEC6D57A2811148C00806712 /* study.app */ = {isa = PBXFileReference; explicitFileType = wrapper.application; includeInIndex = 0; path = study.app; sourceTree = BUILT_PRODUCTS_DIR; };
		BEC6D57D2811148C00806712 /* AppDelegate.swift */ = {isa = PBXFileReference; lastKnownFileType = sourcecode.swift; path = AppDelegate.swift; sourceTree = "<group>"; };
		BEC6D57F2811148C00806712 /* SceneDelegate.swift */ = {isa = PBXFileReference; lastKnownFileType = sourcecode.swift; path = SceneDelegate.swift; sourceTree = "<group>"; };
		BEC6D5842811148C00806712 /* Base */ = {isa = PBXFileReference; lastKnownFileType = file.storyboard; name = Base; path = Base.lproj/Main.storyboard; sourceTree = "<group>"; };
		BEC6D5862811148D00806712 /* Assets.xcassets */ = {isa = PBXFileReference; lastKnownFileType = folder.assetcatalog; path = Assets.xcassets; sourceTree = "<group>"; };
		BEC6D5892811148D00806712 /* Base */ = {isa = PBXFileReference; lastKnownFileType = file.storyboard; name = Base; path = Base.lproj/LaunchScreen.storyboard; sourceTree = "<group>"; };
		BEC6D58B2811148D00806712 /* Info.plist */ = {isa = PBXFileReference; lastKnownFileType = text.plist.xml; path = Info.plist; sourceTree = "<group>"; };
		BEC6D5912811265D00806712 /* RegisterViewController.swift */ = {isa = PBXFileReference; lastKnownFileType = sourcecode.swift; path = RegisterViewController.swift; sourceTree = "<group>"; };
		BECD7790281B63BC000DF643 /* CondolencesReceivedViewController.swift */ = {isa = PBXFileReference; lastKnownFileType = sourcecode.swift; path = CondolencesReceivedViewController.swift; sourceTree = "<group>"; };
		BEDCCF0128167B990064C7F4 /* LicenseInfoViewController.swift */ = {isa = PBXFileReference; lastKnownFileType = sourcecode.swift; path = LicenseInfoViewController.swift; sourceTree = "<group>"; };
		BEEEBB8A2813D49F003A8F06 /* DeliveryInfoViewController.swift */ = {isa = PBXFileReference; lastKnownFileType = sourcecode.swift; path = DeliveryInfoViewController.swift; sourceTree = "<group>"; };
/* End PBXFileReference section */

/* Begin PBXFrameworksBuildPhase section */
		BEC6D5772811148C00806712 /* Frameworks */ = {
			isa = PBXFrameworksBuildPhase;
			buildActionMask = 2147483647;
			files = (
			);
			runOnlyForDeploymentPostprocessing = 0;
		};
/* End PBXFrameworksBuildPhase section */

/* Begin PBXGroup section */
		BEC6D5712811148C00806712 = {
			isa = PBXGroup;
			children = (
				BEC6D57C2811148C00806712 /* study */,
				BEC6D57B2811148C00806712 /* Products */,
			);
			sourceTree = "<group>";
		};
		BEC6D57B2811148C00806712 /* Products */ = {
			isa = PBXGroup;
			children = (
				BEC6D57A2811148C00806712 /* study.app */,
			);
			name = Products;
			sourceTree = "<group>";
		};
		BEC6D57C2811148C00806712 /* study */ = {
			isa = PBXGroup;
			children = (
				BEC6D57D2811148C00806712 /* AppDelegate.swift */,
				BEC6D57F2811148C00806712 /* SceneDelegate.swift */,
				BEC6D5912811265D00806712 /* RegisterViewController.swift */,
				BECD7790281B63BC000DF643 /* CondolencesReceivedViewController.swift */,
				BE1CF48A28125AEC0080FE3F /* SearchViewController.swift */,
				BE1B48FD2817A59100C3CC03 /* OrderInfoViewController.swift */,
				BE5353202817B5690001AC7C /* BasketOrderInfoViewController.swift */,
				BE5353262817BDFD0001AC7C /* RibbonOrderViewController.swift */,
				BEEEBB8A2813D49F003A8F06 /* DeliveryInfoViewController.swift */,
				BEDCCF0128167B990064C7F4 /* LicenseInfoViewController.swift */,
				BE6CD5082818E7DF001D3651 /* QuestionViewController.swift */,
				BE6CD50A2818F53C001D3651 /* ListViewController.swift */,
				BE6CD50C28190BA8001D3651 /* RegistViewController.swift */,
				BEC6D5832811148C00806712 /* Main.storyboard */,
				BEC6D5862811148D00806712 /* Assets.xcassets */,
				BEC6D5882811148D00806712 /* LaunchScreen.storyboard */,
				BEC6D58B2811148D00806712 /* Info.plist */,
			);
			path = study;
			sourceTree = "<group>";
		};
/* End PBXGroup section */

/* Begin PBXNativeTarget section */
		BEC6D5792811148C00806712 /* study */ = {
			isa = PBXNativeTarget;
			buildConfigurationList = BEC6D58E2811148D00806712 /* Build configuration list for PBXNativeTarget "study" */;
			buildPhases = (
				BEC6D5762811148C00806712 /* Sources */,
				BEC6D5772811148C00806712 /* Frameworks */,
				BEC6D5782811148C00806712 /* Resources */,
			);
			buildRules = (
			);
			dependencies = (
			);
			name = study;
			productName = study;
			productReference = BEC6D57A2811148C00806712 /* study.app */;
			productType = "com.apple.product-type.application";
		};
/* End PBXNativeTarget section */

/* Begin PBXProject section */
		BEC6D5722811148C00806712 /* Project object */ = {
			isa = PBXProject;
			attributes = {
				BuildIndependentTargetsInParallel = 1;
				LastSwiftUpdateCheck = 1330;
				LastUpgradeCheck = 1330;
				TargetAttributes = {
					BEC6D5792811148C00806712 = {
						CreatedOnToolsVersion = 13.3;
					};
				};
			};
			buildConfigurationList = BEC6D5752811148C00806712 /* Build configuration list for PBXProject "study" */;
			compatibilityVersion = "Xcode 13.0";
			developmentRegion = en;
			hasScannedForEncodings = 0;
			knownRegions = (
				en,
				Base,
			);
			mainGroup = BEC6D5712811148C00806712;
			productRefGroup = BEC6D57B2811148C00806712 /* Products */;
			projectDirPath = "";
			projectRoot = "";
			targets = (
				BEC6D5792811148C00806712 /* study */,
			);
		};
/* End PBXProject section */

/* Begin PBXResourcesBuildPhase section */
		BEC6D5782811148C00806712 /* Resources */ = {
			isa = PBXResourcesBuildPhase;
			buildActionMask = 2147483647;
			files = (
				BEC6D58A2811148D00806712 /* LaunchScreen.storyboard in Resources */,
				BEC6D5872811148D00806712 /* Assets.xcassets in Resources */,
				BEC6D5852811148C00806712 /* Main.storyboard in Resources */,
			);
			runOnlyForDeploymentPostprocessing = 0;
		};
/* End PBXResourcesBuildPhase section */

/* Begin PBXSourcesBuildPhase section */
		BEC6D5762811148C00806712 /* Sources */ = {
			isa = PBXSourcesBuildPhase;
			buildActionMask = 2147483647;
			files = (
				BEC6D57E2811148C00806712 /* AppDelegate.swift in Sources */,
				BE1B48FE2817A59100C3CC03 /* OrderInfoViewController.swift in Sources */,
				BECD7791281B63BC000DF643 /* CondolencesReceivedViewController.swift in Sources */,
				BE6CD50D28190BA8001D3651 /* RegistViewController.swift in Sources */,
				BE5353272817BDFD0001AC7C /* RibbonOrderViewController.swift in Sources */,
				BEC6D5802811148C00806712 /* SceneDelegate.swift in Sources */,
				BE1CF48B28125AEC0080FE3F /* SearchViewController.swift in Sources */,
				BE6CD50B2818F53C001D3651 /* ListViewController.swift in Sources */,
				BEDCCF0228167B990064C7F4 /* LicenseInfoViewController.swift in Sources */,
				BE6CD5092818E7DF001D3651 /* QuestionViewController.swift in Sources */,
				BEEEBB8B2813D49F003A8F06 /* DeliveryInfoViewController.swift in Sources */,
				BEC6D5922811265D00806712 /* RegisterViewController.swift in Sources */,
				BE5353212817B5690001AC7C /* BasketOrderInfoViewController.swift in Sources */,
			);
			runOnlyForDeploymentPostprocessing = 0;
		};
/* End PBXSourcesBuildPhase section */

/* Begin PBXVariantGroup section */
		BEC6D5832811148C00806712 /* Main.storyboard */ = {
			isa = PBXVariantGroup;
			children = (
				BEC6D5842811148C00806712 /* Base */,
			);
			name = Main.storyboard;
			sourceTree = "<group>";
		};
		BEC6D5882811148D00806712 /* LaunchScreen.storyboard */ = {
			isa = PBXVariantGroup;
			children = (
				BEC6D5892811148D00806712 /* Base */,
			);
			name = LaunchScreen.storyboard;
			sourceTree = "<group>";
		};
/* End PBXVariantGroup section */

/* Begin XCBuildConfiguration section */
		BEC6D58C2811148D00806712 /* Debug */ = {
			isa = XCBuildConfiguration;
			buildSettings = {
				ALWAYS_SEARCH_USER_PATHS = NO;
				CLANG_ANALYZER_NONNULL = YES;
				CLANG_ANALYZER_NUMBER_OBJECT_CONVERSION = YES_AGGRESSIVE;
				CLANG_CXX_LANGUAGE_STANDARD = "gnu++17";
				CLANG_ENABLE_MODULES = YES;
				CLANG_ENABLE_OBJC_ARC = YES;
				CLANG_ENABLE_OBJC_WEAK = YES;
				CLANG_WARN_BLOCK_CAPTURE_AUTORELEASING = YES;
				CLANG_WARN_BOOL_CONVERSION = YES;
				CLANG_WARN_COMMA = YES;
				CLANG_WARN_CONSTANT_CONVERSION = YES;
				CLANG_WARN_DEPRECATED_OBJC_IMPLEMENTATIONS = YES;
				CLANG_WARN_DIRECT_OBJC_ISA_USAGE = YES_ERROR;
				CLANG_WARN_DOCUMENTATION_COMMENTS = YES;
				CLANG_WARN_EMPTY_BODY = YES;
				CLANG_WARN_ENUM_CONVERSION = YES;
				CLANG_WARN_INFINITE_RECURSION = YES;
				CLANG_WARN_INT_CONVERSION = YES;
				CLANG_WARN_NON_LITERAL_NULL_CONVERSION = YES;
				CLANG_WARN_OBJC_IMPLICIT_RETAIN_SELF = YES;
				CLANG_WARN_OBJC_LITERAL_CONVERSION = YES;
				CLANG_WARN_OBJC_ROOT_CLASS = YES_ERROR;
				CLANG_WARN_QUOTED_INCLUDE_IN_FRAMEWORK_HEADER = YES;
				CLANG_WARN_RANGE_LOOP_ANALYSIS = YES;
				CLANG_WARN_STRICT_PROTOTYPES = YES;
				CLANG_WARN_SUSPICIOUS_MOVE = YES;
				CLANG_WARN_UNGUARDED_AVAILABILITY = YES_AGGRESSIVE;
				CLANG_WARN_UNREACHABLE_CODE = YES;
				CLANG_WARN__DUPLICATE_METHOD_MATCH = YES;
				COPY_PHASE_STRIP = NO;
				DEBUG_INFORMATION_FORMAT = dwarf;
				ENABLE_STRICT_OBJC_MSGSEND = YES;
				ENABLE_TESTABILITY = YES;
				GCC_C_LANGUAGE_STANDARD = gnu11;
				GCC_DYNAMIC_NO_PIC = NO;
				GCC_NO_COMMON_BLOCKS = YES;
				GCC_OPTIMIZATION_LEVEL = 0;
				GCC_PREPROCESSOR_DEFINITIONS = (
					"DEBUG=1",
					"$(inherited)",
				);
				GCC_WARN_64_TO_32_BIT_CONVERSION = YES;
				GCC_WARN_ABOUT_RETURN_TYPE = YES_ERROR;
				GCC_WARN_UNDECLARED_SELECTOR = YES;
				GCC_WARN_UNINITIALIZED_AUTOS = YES_AGGRESSIVE;
				GCC_WARN_UNUSED_FUNCTION = YES;
				GCC_WARN_UNUSED_VARIABLE = YES;
				IPHONEOS_DEPLOYMENT_TARGET = 15.4;
				MTL_ENABLE_DEBUG_INFO = INCLUDE_SOURCE;
				MTL_FAST_MATH = YES;
				ONLY_ACTIVE_ARCH = YES;
				SDKROOT = iphoneos;
				SWIFT_ACTIVE_COMPILATION_CONDITIONS = DEBUG;
				SWIFT_OPTIMIZATION_LEVEL = "-Onone";
			};
			name = Debug;
		};
		BEC6D58D2811148D00806712 /* Release */ = {
			isa = XCBuildConfiguration;
			buildSettings = {
				ALWAYS_SEARCH_USER_PATHS = NO;
				CLANG_ANALYZER_NONNULL = YES;
				CLANG_ANALYZER_NUMBER_OBJECT_CONVERSION = YES_AGGRESSIVE;
				CLANG_CXX_LANGUAGE_STANDARD = "gnu++17";
				CLANG_ENABLE_MODULES = YES;
				CLANG_ENABLE_OBJC_ARC = YES;
				CLANG_ENABLE_OBJC_WEAK = YES;
				CLANG_WARN_BLOCK_CAPTURE_AUTORELEASING = YES;
				CLANG_WARN_BOOL_CONVERSION = YES;
				CLANG_WARN_COMMA = YES;
				CLANG_WARN_CONSTANT_CONVERSION = YES;
				CLANG_WARN_DEPRECATED_OBJC_IMPLEMENTATIONS = YES;
				CLANG_WARN_DIRECT_OBJC_ISA_USAGE = YES_ERROR;
				CLANG_WARN_DOCUMENTATION_COMMENTS = YES;
				CLANG_WARN_EMPTY_BODY = YES;
				CLANG_WARN_ENUM_CONVERSION = YES;
				CLANG_WARN_INFINITE_RECURSION = YES;
				CLANG_WARN_INT_CONVERSION = YES;
				CLANG_WARN_NON_LITERAL_NULL_CONVERSION = YES;
				CLANG_WARN_OBJC_IMPLICIT_RETAIN_SELF = YES;
				CLANG_WARN_OBJC_LITERAL_CONVERSION = YES;
				CLANG_WARN_OBJC_ROOT_CLASS = YES_ERROR;
				CLANG_WARN_QUOTED_INCLUDE_IN_FRAMEWORK_HEADER = YES;
				CLANG_WARN_RANGE_LOOP_ANALYSIS = YES;
				CLANG_WARN_STRICT_PROTOTYPES = YES;
				CLANG_WARN_SUSPICIOUS_MOVE = YES;
				CLANG_WARN_UNGUARDED_AVAILABILITY = YES_AGGRESSIVE;
				CLANG_WARN_UNREACHABLE_CODE = YES;
				CLANG_WARN__DUPLICATE_METHOD_MATCH = YES;
				COPY_PHASE_STRIP = NO;
				DEBUG_INFORMATION_FORMAT = "dwarf-with-dsym";
				ENABLE_NS_ASSERTIONS = NO;
				ENABLE_STRICT_OBJC_MSGSEND = YES;
				GCC_C_LANGUAGE_STANDARD = gnu11;
				GCC_NO_COMMON_BLOCKS = YES;
				GCC_WARN_64_TO_32_BIT_CONVERSION = YES;
				GCC_WARN_ABOUT_RETURN_TYPE = YES_ERROR;
				GCC_WARN_UNDECLARED_SELECTOR = YES;
				GCC_WARN_UNINITIALIZED_AUTOS = YES_AGGRESSIVE;
				GCC_WARN_UNUSED_FUNCTION = YES;
				GCC_WARN_UNUSED_VARIABLE = YES;
				IPHONEOS_DEPLOYMENT_TARGET = 15.4;
				MTL_ENABLE_DEBUG_INFO = NO;
				MTL_FAST_MATH = YES;
				SDKROOT = iphoneos;
				SWIFT_COMPILATION_MODE = wholemodule;
				SWIFT_OPTIMIZATION_LEVEL = "-O";
				VALIDATE_PRODUCT = YES;
			};
			name = Release;
		};
		BEC6D58F2811148D00806712 /* Debug */ = {
			isa = XCBuildConfiguration;
			buildSettings = {
				ASSETCATALOG_COMPILER_APPICON_NAME = AppIcon;
				ASSETCATALOG_COMPILER_GLOBAL_ACCENT_COLOR_NAME = AccentColor;
				CODE_SIGN_STYLE = Automatic;
				CURRENT_PROJECT_VERSION = 1;
				DEVELOPMENT_TEAM = N4662D23WV;
				GENERATE_INFOPLIST_FILE = YES;
				INFOPLIST_FILE = study/Info.plist;
				INFOPLIST_KEY_UIApplicationSupportsIndirectInputEvents = YES;
				INFOPLIST_KEY_UILaunchStoryboardName = LaunchScreen;
				INFOPLIST_KEY_UIMainStoryboardFile = Main;
				INFOPLIST_KEY_UISupportedInterfaceOrientations_iPad = "UIInterfaceOrientationPortrait UIInterfaceOrientationPortraitUpsideDown UIInterfaceOrientationLandscapeLeft UIInterfaceOrientationLandscapeRight";
				INFOPLIST_KEY_UISupportedInterfaceOrientations_iPhone = "UIInterfaceOrientationPortrait UIInterfaceOrientationLandscapeLeft UIInterfaceOrientationLandscapeRight";
				LD_RUNPATH_SEARCH_PATHS = (
					"$(inherited)",
					"@executable_path/Frameworks",
				);
				MARKETING_VERSION = 1.0;
				PRODUCT_BUNDLE_IDENTIFIER = kimhongseok.study;
				PRODUCT_NAME = "$(TARGET_NAME)";
				SWIFT_EMIT_LOC_STRINGS = YES;
				SWIFT_VERSION = 5.0;
				TARGETED_DEVICE_FAMILY = "1,2";
			};
			name = Debug;
		};
		BEC6D5902811148D00806712 /* Release */ = {
			isa = XCBuildConfiguration;
			buildSettings = {
				ASSETCATALOG_COMPILER_APPICON_NAME = AppIcon;
				ASSETCATALOG_COMPILER_GLOBAL_ACCENT_COLOR_NAME = AccentColor;
				CODE_SIGN_STYLE = Automatic;
				CURRENT_PROJECT_VERSION = 1;
				DEVELOPMENT_TEAM = N4662D23WV;
				GENERATE_INFOPLIST_FILE = YES;
				INFOPLIST_FILE = study/Info.plist;
				INFOPLIST_KEY_UIApplicationSupportsIndirectInputEvents = YES;
				INFOPLIST_KEY_UILaunchStoryboardName = LaunchScreen;
				INFOPLIST_KEY_UIMainStoryboardFile = Main;
				INFOPLIST_KEY_UISupportedInterfaceOrientations_iPad = "UIInterfaceOrientationPortrait UIInterfaceOrientationPortraitUpsideDown UIInterfaceOrientationLandscapeLeft UIInterfaceOrientationLandscapeRight";
				INFOPLIST_KEY_UISupportedInterfaceOrientations_iPhone = "UIInterfaceOrientationPortrait UIInterfaceOrientationLandscapeLeft UIInterfaceOrientationLandscapeRight";
				LD_RUNPATH_SEARCH_PATHS = (
					"$(inherited)",
					"@executable_path/Frameworks",
				);
				MARKETING_VERSION = 1.0;
				PRODUCT_BUNDLE_IDENTIFIER = kimhongseok.study;
				PRODUCT_NAME = "$(TARGET_NAME)";
				SWIFT_EMIT_LOC_STRINGS = YES;
				SWIFT_VERSION = 5.0;
				TARGETED_DEVICE_FAMILY = "1,2";
			};
			name = Release;
		};
/* End XCBuildConfiguration section */

/* Begin XCConfigurationList section */
		BEC6D5752811148C00806712 /* Build configuration list for PBXProject "study" */ = {
			isa = XCConfigurationList;
			buildConfigurations = (
				BEC6D58C2811148D00806712 /* Debug */,
				BEC6D58D2811148D00806712 /* Release */,
			);
			defaultConfigurationIsVisible = 0;
			defaultConfigurationName = Release;
		};
		BEC6D58E2811148D00806712 /* Build configuration list for PBXNativeTarget "study" */ = {
			isa = XCConfigurationList;
			buildConfigurations = (
				BEC6D58F2811148D00806712 /* Debug */,
				BEC6D5902811148D00806712 /* Release */,
			);
			defaultConfigurationIsVisible = 0;
			defaultConfigurationName = Release;
		};
/* End XCConfigurationList section */
	};
	rootObject = BEC6D5722811148C00806712 /* Project object */;
}
